
Microsoft Visual Studio Solution File, Format Version 12.00
# Visual Studio Version 16
VisualStudioVersion = 16.0.30330.147
MinimumVisualStudioVersion = 10.0.40219.1
Project("{8BC9CEB8-8B4A-11D0-8D11-00A0C91BC942}") = "TesteVS", "TesteVS\TesteVS.vcxproj", "{B531A371-A2DF-4618-9B6B-64BDF9D0F6EA}"
EndProject
Global
	GlobalSection(SolutionConfigurationPlatforms) = preSolution
		Debug|x64 = Debug|x64
		Debug|x86 = Debug|x86
		Release|x64 = Release|x64
		Release|x86 = Release|x86
	EndGlobalSection
	GlobalSection(ProjectConfigurationPlatforms) = postSolution
		{B531A371-A2DF-4618-9B6B-64BDF9D0F6EA}.Debug|x64.ActiveCfg = Debug|x64
		{B531A371-A2DF-4618-9B6B-64BDF9D0F6EA}.Debug|x64.Build.0 = Debug|x64
		{B531A371-A2DF-4618-9B6B-64BDF9D0F6EA}.Debug|x86.ActiveCfg = Debug|Win32
		{B531A371-A2DF-4618-9B6B-64BDF9D0F6EA}.Debug|x86.Build.0 = Debug|Win32
		{B531A371-A2DF-4618-9B6B-64BDF9D0F6EA}.Release|x64.ActiveCfg = Release|x64
		{B531A371-A2DF-4618-9B6B-64BDF9D0F6EA}.Release|x64.Build.0 = Release|x64
		{B531A371-A2DF-4618-9B6B-64BDF9D0F6EA}.Release|x86.ActiveCfg = Release|Win32
		{B531A371-A2DF-4618-9B6B-64BDF9D0F6EA}.Release|x86.Build.0 = Release|Win32
	EndGlobalSection
	GlobalSection(SolutionProperties) = preSolution
		HideSolutionNode = FALSE
	EndGlobalSection
	GlobalSection(ExtensibilityGlobals) = postSolution
		SolutionGuid = {344D2A4C-B8CB-4E79-849B-78EAF0CA2410}
	EndGlobalSection
EndGlobal
